{
  "name": "pierre-feuille-ciseaux",
  "version": "1.0.0",
  "lockfileVersion": 3,
  "requires": true,
  "packages": {
    "": {
      "name": "pierre-feuille-ciseaux",
      "version": "1.0.0",
      "license": "ISC",
      "dependencies": {
        "pure-rand": "^6.0.4",
        "seedrandom": "^3.0.5"
      }
    },
    "node_modules/pure-rand": {
      "version": "6.0.4",
      "resolved": "https://registry.npmjs.org/pure-rand/-/pure-rand-6.0.4.tgz",
      "integrity": "sha512-LA0Y9kxMYv47GIPJy6MI84fqTd2HmYZI83W/kM/SkKfDlajnZYfmXFTxkbY+xSBPkLJxltMa9hIkmdc29eguMA==",
      "funding": [
        {
          "type": "individual",
          "url": "https://github.com/sponsors/dubzzz"
        },
        {
          "type": "opencollective",
          "url": "https://opencollective.com/fast-check"
        }
      ]
    },
    "node_modules/seedrandom": {
      "version": "3.0.5",
      "resolved": "https://registry.npmjs.org/seedrandom/-/seedrandom-3.0.5.tgz",
      "integrity": "sha512-8OwmbklUNzwezjGInmZ+2clQmExQPvomqjL7LFqOYqtmuxRgQYqOD3mHaU+MvZn5FLUeVxVfQjwLZW/n/JFuqg=="
    }
  }
}
